
Microsoft Visual Studio Solution File, Format Version 12.00
# Visual Studio Version 17
VisualStudioVersion = 17.2.32616.157
MinimumVisualStudioVersion = 10.0.40219.1
Project("{9A19103F-16F7-4668-BE54-9A1E7A4F7556}") = "WebApp", "WebApp.csproj", "{C792196A-697E-4F6B-9E82-49BC3929DBFA}"
EndProject
Project("{2150E333-8FDC-42A3-9474-1A3956D46DE8}") = "Solution Items", "Solution Items", "{87776EDD-9DFC-4BD9-8CE1-1407E264075C}"
	ProjectSection(SolutionItems) = preProject
		.editorconfig = .editorconfig
	EndProjectSection
EndProject
Global
	GlobalSection(SolutionConfigurationPlatforms) = preSolution
		Debug|Any CPU = Debug|Any CPU
		Release|Any CPU = Release|Any CPU
	EndGlobalSection
	GlobalSection(ProjectConfigurationPlatforms) = postSolution
		{C792196A-697E-4F6B-9E82-49BC3929DBFA}.Debug|Any CPU.ActiveCfg = Debug|Any CPU
		{C792196A-697E-4F6B-9E82-49BC3929DBFA}.Debug|Any CPU.Build.0 = Debug|Any CPU
		{C792196A-697E-4F6B-9E82-49BC3929DBFA}.Release|Any CPU.ActiveCfg = Release|Any CPU
		{C792196A-697E-4F6B-9E82-49BC3929DBFA}.Release|Any CPU.Build.0 = Release|Any CPU
	EndGlobalSection
	GlobalSection(SolutionProperties) = preSolution
		HideSolutionNode = FALSE
	EndGlobalSection
	GlobalSection(ExtensibilityGlobals) = postSolution
		SolutionGuid = {9B0949B9-B5C3-4696-A819-5F81FE179A45}
	EndGlobalSection
EndGlobal
